
Microsoft Visual Studio Solution File, Format Version 12.00
Project("{FAE04EC0-301F-11D3-BF4B-00C04F79EFBC}") = "DSInfer.Autogen", "DSInfer.Autogen\DSInfer.Autogen.csproj", "{F5BF7631-40B8-426F-807E-A0217102BBDD}"
EndProject
Project("{FAE04EC0-301F-11D3-BF4B-00C04F79EFBC}") = "DsInfer.CLI", "DsInfer.CLI\DsInfer.CLI.csproj", "{C46CD9AF-DAD2-4BE6-9E6D-259AB3B27261}"
EndProject
Global
	GlobalSection(SolutionConfigurationPlatforms) = preSolution
		Debug|Any CPU = Debug|Any CPU
		Release|Any CPU = Release|Any CPU
	EndGlobalSection
	GlobalSection(ProjectConfigurationPlatforms) = postSolution
		{F5BF7631-40B8-426F-807E-A0217102BBDD}.Debug|Any CPU.ActiveCfg = Debug|Any CPU
		{F5BF7631-40B8-426F-807E-A0217102BBDD}.Debug|Any CPU.Build.0 = Debug|Any CPU
		{F5BF7631-40B8-426F-807E-A0217102BBDD}.Release|Any CPU.ActiveCfg = Release|Any CPU
		{F5BF7631-40B8-426F-807E-A0217102BBDD}.Release|Any CPU.Build.0 = Release|Any CPU
		{C46CD9AF-DAD2-4BE6-9E6D-259AB3B27261}.Debug|Any CPU.ActiveCfg = Debug|Any CPU
		{C46CD9AF-DAD2-4BE6-9E6D-259AB3B27261}.Debug|Any CPU.Build.0 = Debug|Any CPU
		{C46CD9AF-DAD2-4BE6-9E6D-259AB3B27261}.Release|Any CPU.ActiveCfg = Release|Any CPU
		{C46CD9AF-DAD2-4BE6-9E6D-259AB3B27261}.Release|Any CPU.Build.0 = Release|Any CPU
	EndGlobalSection
EndGlobal
